github.com/caarlos0/env/v6 v6.7.2 h1:Jiy2dBHvNgCfNGMP0hOZW6jHUbiENvP+VWDtLz4n1Kg=
github.com/caarlos0/env/v6 v6.7.2/go.mod h1:FE0jGiAnQqtv2TenJ4KTa8+/T2Ss8kdS5s1VEjasoN0=
github.com/go-chi/chi/v5 v5.0.5 h1:l3RJ8T8TAqLsXFfah+RA6N4pydMbPwSdvNM+AFWvLUM=
github.com/go-chi/chi/v5 v5.0.5/go.mod h1:DslCQbL2OYiznFReuXYUmQ2hGd1aDpCnlMNITLSKoi8=
